
Microsoft Visual Studio Solution File, Format Version 12.00
# Visual Studio 15
VisualStudioVersion = 15.0.28307.1062
MinimumVisualStudioVersion = 10.0.40219.1
Project("{FAE04EC0-301F-11D3-BF4B-00C04F79EFBC}") = "DemoGitLearn", "DemoGitLearn\DemoGitLearn.csproj", "{6E4B5494-2ED4-4490-8DE9-80F9A625E8DD}"
EndProject
Global
	GlobalSection(SolutionConfigurationPlatforms) = preSolution
		Debug|Any CPU = Debug|Any CPU
		Release|Any CPU = Release|Any CPU
	EndGlobalSection
	GlobalSection(ProjectConfigurationPlatforms) = postSolution
		{6E4B5494-2ED4-4490-8DE9-80F9A625E8DD}.Debug|Any CPU.ActiveCfg = Debug|Any CPU
		{6E4B5494-2ED4-4490-8DE9-80F9A625E8DD}.Debug|Any CPU.Build.0 = Debug|Any CPU
		{6E4B5494-2ED4-4490-8DE9-80F9A625E8DD}.Release|Any CPU.ActiveCfg = Release|Any CPU
		{6E4B5494-2ED4-4490-8DE9-80F9A625E8DD}.Release|Any CPU.Build.0 = Release|Any CPU
	EndGlobalSection
	GlobalSection(SolutionProperties) = preSolution
		HideSolutionNode = FALSE
	EndGlobalSection
	GlobalSection(ExtensibilityGlobals) = postSolution
		SolutionGuid = {2FE823CF-6FA9-4A0F-8F90-05E6A9B21408}
	EndGlobalSection
EndGlobal
